{
  "nodes": {
    "nixpkgs": {
      "locked": {
        "lastModified": 1778672786,
        "narHash": "sha256-Tf7q8/0aIwg4Btd/GUMNHXDTqlrWTr5o/vZ8euFUAQY=",
        "rev": "eef00dfd8a712b34af845f9350bac681b1228bd1",
        "type": "tarball",
        "url": "https://releases.nixos.org/nixpkgs/nixpkgs-26.05pre997230.eef00dfd8a71/nixexprs.tar.xz?lastModified=1778672786&rev=eef00dfd8a712b34af845f9350bac681b1228bd1"
      },
      "original": {
        "type": "tarball",
        "url": "https://channels.nixos.org/nixpkgs-unstable/nixexprs.tar.xz"
      }
    },
    "root": {
      "inputs": {
        "nixpkgs": "nixpkgs"
      }
    }
  },
  "root": "root",
  "version": 7
}
